
Microsoft Visual Studio Solution File, Format Version 12.00
# Visual Studio Version 17
VisualStudioVersion = 17.9.34622.214
MinimumVisualStudioVersion = 10.0.40219.1
Project("{FAE04EC0-301F-11D3-BF4B-00C04F79EFBC}") = "AggregatorService", "AggregatorService\AggregatorService.csproj", "{2544306A-3044-46D0-87CE-534EEC36EB01}"
EndProject
Project("{FAE04EC0-301F-11D3-BF4B-00C04F79EFBC}") = "AggregatorService.Application", "AggregatorService.Application\AggregatorService.Application.csproj", "{9F688BC6-E710-48EE-9FE3-E2838190F288}"
EndProject
Global
	GlobalSection(SolutionConfigurationPlatforms) = preSolution
		Debug|Any CPU = Debug|Any CPU
		Release|Any CPU = Release|Any CPU
	EndGlobalSection
	GlobalSection(ProjectConfigurationPlatforms) = postSolution
		{2544306A-3044-46D0-87CE-534EEC36EB01}.Debug|Any CPU.ActiveCfg = Debug|Any CPU
		{2544306A-3044-46D0-87CE-534EEC36EB01}.Debug|Any CPU.Build.0 = Debug|Any CPU
		{2544306A-3044-46D0-87CE-534EEC36EB01}.Release|Any CPU.ActiveCfg = Release|Any CPU
		{2544306A-3044-46D0-87CE-534EEC36EB01}.Release|Any CPU.Build.0 = Release|Any CPU
		{9F688BC6-E710-48EE-9FE3-E2838190F288}.Debug|Any CPU.ActiveCfg = Debug|Any CPU
		{9F688BC6-E710-48EE-9FE3-E2838190F288}.Debug|Any CPU.Build.0 = Debug|Any CPU
		{9F688BC6-E710-48EE-9FE3-E2838190F288}.Release|Any CPU.ActiveCfg = Release|Any CPU
		{9F688BC6-E710-48EE-9FE3-E2838190F288}.Release|Any CPU.Build.0 = Release|Any CPU
	EndGlobalSection
	GlobalSection(SolutionProperties) = preSolution
		HideSolutionNode = FALSE
	EndGlobalSection
	GlobalSection(ExtensibilityGlobals) = postSolution
		SolutionGuid = {752E2398-5644-4F20-912F-6D12AF6DA35A}
	EndGlobalSection
EndGlobal
